
Microsoft Visual Studio Solution File, Format Version 12.00
# Visual Studio Version 17
VisualStudioVersion = 17.0.31903.59
MinimumVisualStudioVersion = 10.0.40219.1
Project("{2150E333-8FDC-42A3-9474-1A3956D46DE8}") = "src", "src", "{827E0CD3-B72D-47B6-A68D-7590B98EB39B}"
EndProject
Project("{2150E333-8FDC-42A3-9474-1A3956D46DE8}") = "Domain", "Domain", "{8B290487-4C16-E85E-E807-F579CBE9FC4D}"
EndProject
Project("{FAE04EC0-301F-11D3-BF4B-00C04F79EFBC}") = "VSky.Domain", "src\Domain\VSky.Domain.csproj", "{67F2AD14-E1E3-40E6-81C4-652D96ACEF30}"
EndProject
Project("{FAE04EC0-301F-11D3-BF4B-00C04F79EFBC}") = "VSky.Application", "src\Application\VSky.Application.csproj", "{BCDF8EC6-9C08-482A-B7E5-811BDC40C02B}"
EndProject
Project("{FAE04EC0-301F-11D3-BF4B-00C04F79EFBC}") = "VSky.Infrastructure", "src\Infrastructure\VSky.Infrastructure.csproj", "{812174FC-272A-48E0-BB3F-C1FB91807947}"
EndProject
Project("{FAE04EC0-301F-11D3-BF4B-00C04F79EFBC}") = "VSky.API", "src\API\VSky.API.csproj", "{63645223-71F9-4669-A12B-B7D51B4BCC54}"
EndProject
Project("{2150E333-8FDC-42A3-9474-1A3956D46DE8}") = "tests", "tests", "{0AB3BF05-4346-4AA6-1389-037BE0695223}"
EndProject
Project("{FAE04EC0-301F-11D3-BF4B-00C04F79EFBC}") = "VSky.Application.Tests", "tests\VSky.Application.Tests\VSky.Application.Tests.csproj", "{975E1286-E006-429E-9CAE-0208B972CD40}"
EndProject
Global
	GlobalSection(SolutionConfigurationPlatforms) = preSolution
		Debug|Any CPU = Debug|Any CPU
		Debug|x64 = Debug|x64
		Debug|x86 = Debug|x86
		Release|Any CPU = Release|Any CPU
		Release|x64 = Release|x64
		Release|x86 = Release|x86
	EndGlobalSection
	GlobalSection(ProjectConfigurationPlatforms) = postSolution
		{67F2AD14-E1E3-40E6-81C4-652D96ACEF30}.Debug|Any CPU.ActiveCfg = Debug|Any CPU
		{67F2AD14-E1E3-40E6-81C4-652D96ACEF30}.Debug|Any CPU.Build.0 = Debug|Any CPU
		{67F2AD14-E1E3-40E6-81C4-652D96ACEF30}.Debug|x64.ActiveCfg = Debug|Any CPU
		{67F2AD14-E1E3-40E6-81C4-652D96ACEF30}.Debug|x64.Build.0 = Debug|Any CPU
		{67F2AD14-E1E3-40E6-81C4-652D96ACEF30}.Debug|x86.ActiveCfg = Debug|Any CPU
		{67F2AD14-E1E3-40E6-81C4-652D96ACEF30}.Debug|x86.Build.0 = Debug|Any CPU
		{67F2AD14-E1E3-40E6-81C4-652D96ACEF30}.Release|Any CPU.ActiveCfg = Release|Any CPU
		{67F2AD14-E1E3-40E6-81C4-652D96ACEF30}.Release|Any CPU.Build.0 = Release|Any CPU
		{67F2AD14-E1E3-40E6-81C4-652D96ACEF30}.Release|x64.ActiveCfg = Release|Any CPU
		{67F2AD14-E1E3-40E6-81C4-652D96ACEF30}.Release|x64.Build.0 = Release|Any CPU
		{67F2AD14-E1E3-40E6-81C4-652D96ACEF30}.Release|x86.ActiveCfg = Release|Any CPU
		{67F2AD14-E1E3-40E6-81C4-652D96ACEF30}.Release|x86.Build.0 = Release|Any CPU
		{BCDF8EC6-9C08-482A-B7E5-811BDC40C02B}.Debug|Any CPU.ActiveCfg = Debug|Any CPU
		{BCDF8EC6-9C08-482A-B7E5-811BDC40C02B}.Debug|Any CPU.Build.0 = Debug|Any CPU
		{BCDF8EC6-9C08-482A-B7E5-811BDC40C02B}.Debug|x64.ActiveCfg = Debug|Any CPU
		{BCDF8EC6-9C08-482A-B7E5-811BDC40C02B}.Debug|x64.Build.0 = Debug|Any CPU
		{BCDF8EC6-9C08-482A-B7E5-811BDC40C02B}.Debug|x86.ActiveCfg = Debug|Any CPU
		{BCDF8EC6-9C08-482A-B7E5-811BDC40C02B}.Debug|x86.Build.0 = Debug|Any CPU
		{BCDF8EC6-9C08-482A-B7E5-811BDC40C02B}.Release|Any CPU.ActiveCfg = Release|Any CPU
		{BCDF8EC6-9C08-482A-B7E5-811BDC40C02B}.Release|Any CPU.Build.0 = Release|Any CPU
		{BCDF8EC6-9C08-482A-B7E5-811BDC40C02B}.Release|x64.ActiveCfg = Release|Any CPU
		{BCDF8EC6-9C08-482A-B7E5-811BDC40C02B}.Release|x64.Build.0 = Release|Any CPU
		{BCDF8EC6-9C08-482A-B7E5-811BDC40C02B}.Release|x86.ActiveCfg = Release|Any CPU
		{BCDF8EC6-9C08-482A-B7E5-811BDC40C02B}.Release|x86.Build.0 = Release|Any CPU
		{812174FC-272A-48E0-BB3F-C1FB91807947}.Debug|Any CPU.ActiveCfg = Debug|Any CPU
		{812174FC-272A-48E0-BB3F-C1FB91807947}.Debug|Any CPU.Build.0 = Debug|Any CPU
		{812174FC-272A-48E0-BB3F-C1FB91807947}.Debug|x64.ActiveCfg = Debug|Any CPU
		{812174FC-272A-48E0-BB3F-C1FB91807947}.Debug|x64.Build.0 = Debug|Any CPU
		{812174FC-272A-48E0-BB3F-C1FB91807947}.Debug|x86.ActiveCfg = Debug|Any CPU
		{812174FC-272A-48E0-BB3F-C1FB91807947}.Debug|x86.Build.0 = Debug|Any CPU
		{812174FC-272A-48E0-BB3F-C1FB91807947}.Release|Any CPU.ActiveCfg = Release|Any CPU
		{812174FC-272A-48E0-BB3F-C1FB91807947}.Release|Any CPU.Build.0 = Release|Any CPU
		{812174FC-272A-48E0-BB3F-C1FB91807947}.Release|x64.ActiveCfg = Release|Any CPU
		{812174FC-272A-48E0-BB3F-C1FB91807947}.Release|x64.Build.0 = Release|Any CPU
		{812174FC-272A-48E0-BB3F-C1FB91807947}.Release|x86.ActiveCfg = Release|Any CPU
		{812174FC-272A-48E0-BB3F-C1FB91807947}.Release|x86.Build.0 = Release|Any CPU
		{63645223-71F9-4669-A12B-B7D51B4BCC54}.Debug|Any CPU.ActiveCfg = Debug|Any CPU
		{63645223-71F9-4669-A12B-B7D51B4BCC54}.Debug|Any CPU.Build.0 = Debug|Any CPU
		{63645223-71F9-4669-A12B-B7D51B4BCC54}.Debug|x64.ActiveCfg = Debug|Any CPU
		{63645223-71F9-4669-A12B-B7D51B4BCC54}.Debug|x64.Build.0 = Debug|Any CPU
		{63645223-71F9-4669-A12B-B7D51B4BCC54}.Debug|x86.ActiveCfg = Debug|Any CPU
		{63645223-71F9-4669-A12B-B7D51B4BCC54}.Debug|x86.Build.0 = Debug|Any CPU
		{63645223-71F9-4669-A12B-B7D51B4BCC54}.Release|Any CPU.ActiveCfg = Release|Any CPU
		{63645223-71F9-4669-A12B-B7D51B4BCC54}.Release|Any CPU.Build.0 = Release|Any CPU
		{63645223-71F9-4669-A12B-B7D51B4BCC54}.Release|x64.ActiveCfg = Release|Any CPU
		{63645223-71F9-4669-A12B-B7D51B4BCC54}.Release|x64.Build.0 = Release|Any CPU
		{63645223-71F9-4669-A12B-B7D51B4BCC54}.Release|x86.ActiveCfg = Release|Any CPU
		{63645223-71F9-4669-A12B-B7D51B4BCC54}.Release|x86.Build.0 = Release|Any CPU
		{975E1286-E006-429E-9CAE-0208B972CD40}.Debug|Any CPU.ActiveCfg = Debug|Any CPU
		{975E1286-E006-429E-9CAE-0208B972CD40}.Debug|Any CPU.Build.0 = Debug|Any CPU
		{975E1286-E006-429E-9CAE-0208B972CD40}.Debug|x64.ActiveCfg = Debug|Any CPU
		{975E1286-E006-429E-9CAE-0208B972CD40}.Debug|x64.Build.0 = Debug|Any CPU
		{975E1286-E006-429E-9CAE-0208B972CD40}.Debug|x86.ActiveCfg = Debug|Any CPU
		{975E1286-E006-429E-9CAE-0208B972CD40}.Debug|x86.Build.0 = Debug|Any CPU
		{975E1286-E006-429E-9CAE-0208B972CD40}.Release|Any CPU.ActiveCfg = Release|Any CPU
		{975E1286-E006-429E-9CAE-0208B972CD40}.Release|Any CPU.Build.0 = Release|Any CPU
		{975E1286-E006-429E-9CAE-0208B972CD40}.Release|x64.ActiveCfg = Release|Any CPU
		{975E1286-E006-429E-9CAE-0208B972CD40}.Release|x64.Build.0 = Release|Any CPU
		{975E1286-E006-429E-9CAE-0208B972CD40}.Release|x86.ActiveCfg = Release|Any CPU
		{975E1286-E006-429E-9CAE-0208B972CD40}.Release|x86.Build.0 = Release|Any CPU
	EndGlobalSection
	GlobalSection(SolutionProperties) = preSolution
		HideSolutionNode = FALSE
	EndGlobalSection
	GlobalSection(NestedProjects) = preSolution
		{8B290487-4C16-E85E-E807-F579CBE9FC4D} = {827E0CD3-B72D-47B6-A68D-7590B98EB39B}
		{67F2AD14-E1E3-40E6-81C4-652D96ACEF30} = {8B290487-4C16-E85E-E807-F579CBE9FC4D}
		{BCDF8EC6-9C08-482A-B7E5-811BDC40C02B} = {8B290487-4C16-E85E-E807-F579CBE9FC4D}
		{812174FC-272A-48E0-BB3F-C1FB91807947} = {8B290487-4C16-E85E-E807-F579CBE9FC4D}
		{63645223-71F9-4669-A12B-B7D51B4BCC54} = {8B290487-4C16-E85E-E807-F579CBE9FC4D}
		{975E1286-E006-429E-9CAE-0208B972CD40} = {0AB3BF05-4346-4AA6-1389-037BE0695223}
	EndGlobalSection
EndGlobal
